
Microsoft Visual Studio Solution File, Format Version 12.00
# Visual Studio Version 16
VisualStudioVersion = 16.0.31019.35
MinimumVisualStudioVersion = 10.0.40219.1
Project("{FAE04EC0-301F-11D3-BF4B-00C04F79EFBC}") = "Entities", "Entities\Entities.csproj", "{C0A6B395-1D50-473D-A277-EF89D6EF8BA1}"
EndProject
Project("{FAE04EC0-301F-11D3-BF4B-00C04F79EFBC}") = "DataAccess", "DataAccess\DataAccess.csproj", "{52F630F8-400D-44D8-AC61-E5C2A98DA978}"
EndProject
Project("{FAE04EC0-301F-11D3-BF4B-00C04F79EFBC}") = "Business", "Business\Business.csproj", "{D84AEAA4-810D-4B79-A170-15EC68753699}"
EndProject
Project("{FAE04EC0-301F-11D3-BF4B-00C04F79EFBC}") = "ConsoleUI", "ConsoleUI\ConsoleUI.csproj", "{E83F9069-825E-4BFF-A800-F9F66607BBD8}"
EndProject
Global
	GlobalSection(SolutionConfigurationPlatforms) = preSolution
		Debug|Any CPU = Debug|Any CPU
		Release|Any CPU = Release|Any CPU
	EndGlobalSection
	GlobalSection(ProjectConfigurationPlatforms) = postSolution
		{C0A6B395-1D50-473D-A277-EF89D6EF8BA1}.Debug|Any CPU.ActiveCfg = Debug|Any CPU
		{C0A6B395-1D50-473D-A277-EF89D6EF8BA1}.Debug|Any CPU.Build.0 = Debug|Any CPU
		{C0A6B395-1D50-473D-A277-EF89D6EF8BA1}.Release|Any CPU.ActiveCfg = Release|Any CPU
		{C0A6B395-1D50-473D-A277-EF89D6EF8BA1}.Release|Any CPU.Build.0 = Release|Any CPU
		{52F630F8-400D-44D8-AC61-E5C2A98DA978}.Debug|Any CPU.ActiveCfg = Debug|Any CPU
		{52F630F8-400D-44D8-AC61-E5C2A98DA978}.Debug|Any CPU.Build.0 = Debug|Any CPU
		{52F630F8-400D-44D8-AC61-E5C2A98DA978}.Release|Any CPU.ActiveCfg = Release|Any CPU
		{52F630F8-400D-44D8-AC61-E5C2A98DA978}.Release|Any CPU.Build.0 = Release|Any CPU
		{D84AEAA4-810D-4B79-A170-15EC68753699}.Debug|Any CPU.ActiveCfg = Debug|Any CPU
		{D84AEAA4-810D-4B79-A170-15EC68753699}.Debug|Any CPU.Build.0 = Debug|Any CPU
		{D84AEAA4-810D-4B79-A170-15EC68753699}.Release|Any CPU.ActiveCfg = Release|Any CPU
		{D84AEAA4-810D-4B79-A170-15EC68753699}.Release|Any CPU.Build.0 = Release|Any CPU
		{E83F9069-825E-4BFF-A800-F9F66607BBD8}.Debug|Any CPU.ActiveCfg = Debug|Any CPU
		{E83F9069-825E-4BFF-A800-F9F66607BBD8}.Debug|Any CPU.Build.0 = Debug|Any CPU
		{E83F9069-825E-4BFF-A800-F9F66607BBD8}.Release|Any CPU.ActiveCfg = Release|Any CPU
		{E83F9069-825E-4BFF-A800-F9F66607BBD8}.Release|Any CPU.Build.0 = Release|Any CPU
	EndGlobalSection
	GlobalSection(SolutionProperties) = preSolution
		HideSolutionNode = FALSE
	EndGlobalSection
	GlobalSection(ExtensibilityGlobals) = postSolution
		SolutionGuid = {0948E628-6763-488A-806C-AA89260A7E94}
	EndGlobalSection
EndGlobal
